{
  "name": "using-preact-app",
  "lockfileVersion": 2,
  "requires": true,
  "packages": {
    "": {
      "dependencies": {
        "@preact/signals": "1.0.3",
        "next": "latest",
        "next-plugin-preact": "latest",
        "preact": "^10.10.6",
        "preact-render-to-string": "^5.2.3",
        "react": "npm:@preact/compat@^17.1.1",
        "react-dom": "npm:@preact/compat@^17.1.1",
        "react-ssr-prepass": "npm:preact-ssr-prepass@1.2.0"
      },
      "devDependencies": {
        "@types/node": "18.7.15",
        "@types/react": "16.9.17",
        "typescript": "4.8.2"
      }
    },
    "node_modules/@next/env": {
      "version": "12.2.5",
      "resolved": "https://registry.npmjs.org/@next/env/-/env-12.2.5.tgz",
      "integrity": "sha512-vLPLV3cpPGjUPT3PjgRj7e3nio9t6USkuew3JE/jMeon/9Mvp1WyR18v3iwnCuX7eUAm1HmAbJHHLAbcu/EJcw==",
      "license": "MIT"
    },
    "node_modules/@next/swc-android-arm-eabi": {
      "version": "12.2.5",
      "resolved": "https://registry.npmjs.org/@next/swc-android-arm-eabi/-/swc-android-arm-eabi-12.2.5.tgz",
      "integrity": "sha512-cPWClKxGhgn2dLWnspW+7psl3MoLQUcNqJqOHk2BhNcou9ARDtC0IjQkKe5qcn9qg7I7U83Gp1yh2aesZfZJMA==",
      "cpu": [
        "arm"
      ],
      "optional": true,
      "os": [
        "android"
      ],
      "engines": {
        "node": ">= 10"
      }
    },
    "node_modules/@next/swc-android-arm64": {
      "version": "12.2.5",
      "resolved": "https://registry.npmjs.org/@next/swc-android-arm64/-/swc-android-arm64-12.2.5.tgz",
      "integrity": "sha512-vMj0efliXmC5b7p+wfcQCX0AfU8IypjkzT64GiKJD9PgiA3IILNiGJr1fw2lyUDHkjeWx/5HMlMEpLnTsQslwg==",
      "cpu": [
        "arm64"
      ],
      "optional": true,
      "os": [
        "android"
      ],
      "engines": {
        "node": ">= 10"
      }
    },
    "node_modules/@next/swc-darwin-arm64": {
      "version": "12.2.5",
      "resolved": "https://registry.npmjs.org/@next/swc-darwin-arm64/-/swc-darwin-arm64-12.2.5.tgz",
      "integrity": "sha512-VOPWbO5EFr6snla/WcxUKtvzGVShfs302TEMOtzYyWni6f9zuOetijJvVh9CCTzInnXAZMtHyNhefijA4HMYLg==",
      "cpu": [
        "arm64"
      ],
      "license": "MIT",
      "optional": true,
      "os": [
        "darwin"
      ],
      "engines": {
        "node": ">= 10"
      }
    },
    "node_modules/@next/swc-darwin-x64": {
      "version": "12.2.5",
      "resolved": "https://registry.npmjs.org/@next/swc-darwin-x64/-/swc-darwin-x64-12.2.5.tgz",
      "integrity": "sha512-5o8bTCgAmtYOgauO/Xd27vW52G2/m3i5PX7MUYePquxXAnX73AAtqA3WgPXBRitEB60plSKZgOTkcpqrsh546A==",
      "cpu": [
        "x64"
      ],
      "optional": true,
      "os": [
        "darwin"
      ],
      "engines": {
        "node": ">= 10"
      }
    },
    "node_modules/@next/swc-freebsd-x64": {
      "version": "12.2.5",
      "resolved": "https://registry.npmjs.org/@next/swc-freebsd-x64/-/swc-freebsd-x64-12.2.5.tgz",
      "integrity": "sha512-yYUbyup1JnznMtEBRkK4LT56N0lfK5qNTzr6/DEyDw5TbFVwnuy2hhLBzwCBkScFVjpFdfiC6SQAX3FrAZzuuw==",
      "cpu": [
        "x64"
      ],
      "optional": true,
      "os": [
        "freebsd"
      ],
      "engines": {
        "node": ">= 10"
      }
    },
    "node_modules/@next/swc-linux-arm-gnueabihf": {
      "version": "12.2.5",
      "resolved": "https://registry.npmjs.org/@next/swc-linux-arm-gnueabihf/-/swc-linux-arm-gnueabihf-12.2.5.tgz",
      "integrity": "sha512-2ZE2/G921Acks7UopJZVMgKLdm4vN4U0yuzvAMJ6KBavPzqESA2yHJlm85TV/K9gIjKhSk5BVtauIUntFRP8cg==",
      "cpu": [
        "arm"
      ],
      "optional": true,
      "os": [
        "linux"
      ],
      "engines": {
        "node": ">= 10"
      }
    },
    "node_modules/@next/swc-linux-arm64-gnu": {
      "version": "12.2.5",
      "resolved": "https://registry.npmjs.org/@next/swc-linux-arm64-gnu/-/swc-linux-arm64-gnu-12.2.5.tgz",
      "integrity": "sha512-/I6+PWVlz2wkTdWqhlSYYJ1pWWgUVva6SgX353oqTh8njNQp1SdFQuWDqk8LnM6ulheVfSsgkDzxrDaAQZnzjQ==",
      "cpu": [
        "arm64"
      ],
      "optional": true,
      "os": [
        "linux"
      ],
      "engines": {
        "node": ">= 10"
      }
    },
    "node_modules/@next/swc-linux-arm64-musl": {
      "version": "12.2.5",
      "resolved": "https://registry.npmjs.org/@next/swc-linux-arm64-musl/-/swc-linux-arm64-musl-12.2.5.tgz",
      "integrity": "sha512-LPQRelfX6asXyVr59p5sTpx5l+0yh2Vjp/R8Wi4X9pnqcayqT4CUJLiHqCvZuLin3IsFdisJL0rKHMoaZLRfmg==",
      "cpu": [
        "arm64"
      ],
      "optional": true,
      "os": [
        "linux"
      ],
      "engines": {
        "node": ">= 10"
      }
    },
    "node_modules/@next/swc-linux-x64-gnu": {
      "version": "12.2.5",
      "resolved": "https://registry.npmjs.org/@next/swc-linux-x64-gnu/-/swc-linux-x64-gnu-12.2.5.tgz",
      "integrity": "sha512-0szyAo8jMCClkjNK0hknjhmAngUppoRekW6OAezbEYwHXN/VNtsXbfzgYOqjKWxEx3OoAzrT3jLwAF0HdX2MEw==",
      "cpu": [
        "x64"
      ],
      "optional": true,
      "os": [
        "linux"
      ],
      "engines": {
        "node": ">= 10"
      }
    },
    "node_modules/@next/swc-linux-x64-musl": {
      "version": "12.2.5",
      "resolved": "https://registry.npmjs.org/@next/swc-linux-x64-musl/-/swc-linux-x64-musl-12.2.5.tgz",
      "integrity": "sha512-zg/Y6oBar1yVnW6Il1I/08/2ukWtOG6s3acdJdEyIdsCzyQi4RLxbbhkD/EGQyhqBvd3QrC6ZXQEXighQUAZ0g==",
      "cpu": [
        "x64"
      ],
      "optional": true,
      "os": [
        "linux"
      ],
      "engines": {
        "node": ">= 10"
      }
    },
    "node_modules/@next/swc-win32-arm64-msvc": {
      "version": "12.2.5",
      "resolved": "https://registry.npmjs.org/@next/swc-win32-arm64-msvc/-/swc-win32-arm64-msvc-12.2.5.tgz",
      "integrity": "sha512-3/90DRNSqeeSRMMEhj4gHHQlLhhKg5SCCoYfE3kBjGpE63EfnblYUqsszGGZ9ekpKL/R4/SGB40iCQr8tR5Jiw==",
      "cpu": [
        "arm64"
      ],
      "optional": true,
      "os": [
        "win32"
      ],
      "engines": {
        "node": ">= 10"
      }
    },
    "node_modules/@next/swc-win32-ia32-msvc": {
      "version": "12.2.5",
      "resolved": "https://registry.npmjs.org/@next/swc-win32-ia32-msvc/-/swc-win32-ia32-msvc-12.2.5.tgz",
      "integrity": "sha512-hGLc0ZRAwnaPL4ulwpp4D2RxmkHQLuI8CFOEEHdzZpS63/hMVzv81g8jzYA0UXbb9pus/iTc3VRbVbAM03SRrw==",
      "cpu": [
        "ia32"
      ],
      "optional": true,
      "os": [
        "win32"
      ],
      "engines": {
        "node": ">= 10"
      }
    },
    "node_modules/@next/swc-win32-x64-msvc": {
      "version": "12.2.5",
      "resolved": "https://registry.npmjs.org/@next/swc-win32-x64-msvc/-/swc-win32-x64-msvc-12.2.5.tgz",
      "integrity": "sha512-7h5/ahY7NeaO2xygqVrSG/Y8Vs4cdjxIjowTZ5W6CKoTKn7tmnuxlUc2h74x06FKmbhAd9agOjr/AOKyxYYm9Q==",
      "cpu": [
        "x64"
      ],
      "optional": true,
      "os": [
        "win32"
      ],
      "engines": {
        "node": ">= 10"
      }
    },
    "node_modules/@preact/signals": {
      "version": "1.0.3",
      "resolved": "https://registry.npmjs.org/@preact/signals/-/signals-1.0.3.tgz",
      "integrity": "sha512-aBUYPBzdw+UD99t3n2v+OKecjaA2SnvImLDKH7jZtgwPE6E4Jr+B+H3P1tYty+bRsIKnHuFcvYUIZJAP1armFw==",
      "dependencies": {
        "@preact/signals-core": "^1.0.1"
      },
      "funding": {
        "type": "opencollective",
        "url": "https://opencollective.com/preact"
      },
      "peerDependencies": {
        "preact": "10.x"
      }
    },
    "node_modules/@preact/signals-core": {
      "version": "1.0.1",
      "resolved": "https://registry.npmjs.org/@preact/signals-core/-/signals-core-1.0.1.tgz",
      "integrity": "sha512-1yBu72jd80QWdp8WvNFBg7K+0REv+NqJg1CGIwAl5kJ+qE7I06Lm2+K3z2qVZmABiDjQgjU2vKA9yEjniWv5uA==",
      "funding": {
        "type": "opencollective",
        "url": "https://opencollective.com/preact"
      }
    },
    "node_modules/@prefresh/babel-plugin": {
      "version": "0.4.3",
      "resolved": "https://registry.npmjs.org/@prefresh/babel-plugin/-/babel-plugin-0.4.3.tgz",
      "integrity": "sha512-fYAWbU1WDSLn108kKY4eDaaeUcnszFqXjgaGKYXNZ5NLulpRTpsrY+Sbfo9q8LDpWrBpqIgzjrwNnvglWI1xNQ==",
      "license": "MIT"
    },
    "node_modules/@prefresh/core": {
      "version": "1.4.1",
      "resolved": "https://registry.npmjs.org/@prefresh/core/-/core-1.4.1.tgz",
      "integrity": "sha512-og1vaBj3LMJagVncNrDb37Gqc0cWaUcDbpVt5hZtsN4i2Iwzd/5hyTsDHvlMirhSym3wL9ihU0Xa2VhSaOue7g==",
      "license": "MIT",
      "peerDependencies": {
        "preact": "^10.0.0"
      }
    },
    "node_modules/@prefresh/next": {
      "version": "1.6.0",
      "resolved": "https://registry.npmjs.org/@prefresh/next/-/next-1.6.0.tgz",
      "integrity": "sha512-78P3QJ75v9GZX4Yx/mREFgq2UWLf9Sj28Vpbwz0oqAL4ZPaRpEAfTyV6kZutUpiGGrpKa79EOjVYMScpM60/5Q==",
      "license": "MIT",
      "dependencies": {
        "@prefresh/babel-plugin": "0.4.3",
        "@prefresh/core": "^1.4.0",
        "@prefresh/utils": "^1.1.2",
        "@prefresh/webpack": "^3.3.3"
      },
      "peerDependencies": {
        "next": "^9.4.0 || ^10.0.0 || ^11.0.0 || ^12.0.0",
        "preact": "^10.4.0",
        "webpack": "^4.0.0 || ^5.0.0"
      }
    },
    "node_modules/@prefresh/utils": {
      "version": "1.1.3",
      "resolved": "https://registry.npmjs.org/@prefresh/utils/-/utils-1.1.3.tgz",
      "integrity": "sha512-Mb9abhJTOV4yCfkXrMrcgFiFT7MfNOw8sDa+XyZBdq/Ai2p4Zyxqsb3EgHLOEdHpMj6J9aiZ54W8H6FTam1u+A==",
      "license": "MIT"
    },
    "node_modules/@prefresh/webpack": {
      "version": "3.3.4",
      "resolved": "https://registry.npmjs.org/@prefresh/webpack/-/webpack-3.3.4.tgz",
      "integrity": "sha512-RiXS/hvXDup5cQw/267kxkKie81kxaAB7SFbkr8ppshobDEzwgUN1tbGbHNx6Uari0Ql2XByC6HIgQGpaq2Q7w==",
      "license": "MIT",
      "dependencies": {
        "@prefresh/core": "^1.3.3",
        "@prefresh/utils": "^1.1.2"
      },
      "peerDependencies": {
        "@prefresh/babel-plugin": "^0.4.0",
        "preact": "^10.4.0",
        "webpack": "^4.0.0 || ^5.0.0"
      }
    },
    "node_modules/@swc/helpers": {
      "version": "0.4.3",
      "resolved": "https://registry.npmjs.org/@swc/helpers/-/helpers-0.4.3.tgz",
      "integrity": "sha512-6JrF+fdUK2zbGpJIlN7G3v966PQjyx/dPt1T9km2wj+EUBqgrxCk3uX4Kct16MIm9gGxfKRcfax2hVf5jvlTzA==",
      "license": "MIT",
      "dependencies": {
        "tslib": "^2.4.0"
      }
    },
    "node_modules/@types/node": {
      "version": "18.7.15",
      "resolved": "https://registry.npmjs.org/@types/node/-/node-18.7.15.tgz",
      "integrity": "sha512-XnjpaI8Bgc3eBag2Aw4t2Uj/49lLBSStHWfqKvIuXD7FIrZyMLWp8KuAFHAqxMZYTF9l08N1ctUn9YNybZJVmQ==",
      "dev": true,
      "license": "MIT"
    },
    "node_modules/@types/prop-types": {
      "version": "15.7.5",
      "resolved": "https://registry.npmjs.org/@types/prop-types/-/prop-types-15.7.5.tgz",
      "integrity": "sha512-JCB8C6SnDoQf0cNycqd/35A7MjcnK+ZTqE7judS6o7utxUCg6imJg3QK2qzHKszlTjcj2cn+NwMB2i96ubpj7w==",
      "dev": true,
      "license": "MIT"
    },
    "node_modules/@types/react": {
      "version": "16.9.17",
      "resolved": "https://registry.npmjs.org/@types/react/-/react-16.9.17.tgz",
      "integrity": "sha512-UP27In4fp4sWF5JgyV6pwVPAQM83Fj76JOcg02X5BZcpSu5Wx+fP9RMqc2v0ssBoQIFvD5JdKY41gjJJKmw6Bg==",
      "dev": true,
      "license": "MIT",
      "dependencies": {
        "@types/prop-types": "*",
        "csstype": "^2.2.0"
      }
    },
    "node_modules/caniuse-lite": {
      "version": "1.0.30001393",
      "resolved": "https://registry.npmjs.org/caniuse-lite/-/caniuse-lite-1.0.30001393.tgz",
      "integrity": "sha512-N/od11RX+Gsk+1qY/jbPa0R6zJupEa0lxeBG598EbrtblxVCTJsQwbRBm6+V+rxpc5lHKdsXb9RY83cZIPLseA==",
      "funding": [
        {
          "type": "opencollective",
          "url": "https://opencollective.com/browserslist"
        },
        {
          "type": "tidelift",
          "url": "https://tidelift.com/funding/github/npm/caniuse-lite"
        }
      ],
      "license": "CC-BY-4.0"
    },
    "node_modules/csstype": {
      "version": "2.6.20",
      "resolved": "https://registry.npmjs.org/csstype/-/csstype-2.6.20.tgz",
      "integrity": "sha512-/WwNkdXfckNgw6S5R125rrW8ez139lBHWouiBvX8dfMFtcn6V81REDqnH7+CRpRipfYlyU1CmOnOxrmGcFOjeA==",
      "dev": true,
      "license": "MIT"
    },
    "node_modules/module-alias": {
      "version": "2.2.2",
      "resolved": "https://registry.npmjs.org/module-alias/-/module-alias-2.2.2.tgz",
      "integrity": "sha512-A/78XjoX2EmNvppVWEhM2oGk3x4lLxnkEA4jTbaK97QKSDjkIoOsKQlfylt/d3kKKi596Qy3NP5XrXJ6fZIC9Q==",
      "license": "MIT"
    },
    "node_modules/nanoid": {
      "version": "3.3.4",
      "resolved": "https://registry.npmjs.org/nanoid/-/nanoid-3.3.4.tgz",
      "integrity": "sha512-MqBkQh/OHTS2egovRtLk45wEyNXwF+cokD+1YPf9u5VfJiRdAiRwB2froX5Co9Rh20xs4siNPm8naNotSD6RBw==",
      "license": "MIT",
      "bin": {
        "nanoid": "bin/nanoid.cjs"
      },
      "engines": {
        "node": "^10 || ^12 || ^13.7 || ^14 || >=15.0.1"
      }
    },
    "node_modules/next": {
      "version": "12.2.5",
      "resolved": "https://registry.npmjs.org/next/-/next-12.2.5.tgz",
      "integrity": "sha512-tBdjqX5XC/oFs/6gxrZhjmiq90YWizUYU6qOWAfat7zJwrwapJ+BYgX2PmiacunXMaRpeVT4vz5MSPSLgNkrpA==",
      "dependencies": {
        "@next/env": "12.2.5",
        "@swc/helpers": "0.4.3",
        "caniuse-lite": "^1.0.30001332",
        "postcss": "8.4.14",
        "styled-jsx": "5.0.4",
        "use-sync-external-store": "1.2.0"
      },
      "bin": {
        "next": "dist/bin/next"
      },
      "engines": {
        "node": ">=12.22.0"
      },
      "optionalDependencies": {
        "@next/swc-android-arm-eabi": "12.2.5",
        "@next/swc-android-arm64": "12.2.5",
        "@next/swc-darwin-arm64": "12.2.5",
        "@next/swc-darwin-x64": "12.2.5",
        "@next/swc-freebsd-x64": "12.2.5",
        "@next/swc-linux-arm-gnueabihf": "12.2.5",
        "@next/swc-linux-arm64-gnu": "12.2.5",
        "@next/swc-linux-arm64-musl": "12.2.5",
        "@next/swc-linux-x64-gnu": "12.2.5",
        "@next/swc-linux-x64-musl": "12.2.5",
        "@next/swc-win32-arm64-msvc": "12.2.5",
        "@next/swc-win32-ia32-msvc": "12.2.5",
        "@next/swc-win32-x64-msvc": "12.2.5"
      },
      "peerDependencies": {
        "fibers": ">= 3.1.0",
        "node-sass": "^6.0.0 || ^7.0.0",
        "react": "^17.0.2 || ^18.0.0-0",
        "react-dom": "^17.0.2 || ^18.0.0-0",
        "sass": "^1.3.0"
      },
      "peerDependenciesMeta": {
        "fibers": {
          "optional": true
        },
        "node-sass": {
          "optional": true
        },
        "sass": {
          "optional": true
        }
      }
    },
    "node_modules/next-plugin-preact": {
      "version": "3.0.7",
      "resolved": "https://registry.npmjs.org/next-plugin-preact/-/next-plugin-preact-3.0.7.tgz",
      "integrity": "sha512-8Xl+SJT3FCZHS7R/6Gana6e95o09UpiyCsK0cw8P/KW2M+lQcYIwIt4ZLZd+K9TW3JZx6KJDLqVbq0Kd6KZsIg==",
      "hasInstallScript": true,
      "dependencies": {
        "@prefresh/next": "^1.4.6",
        "@prefresh/webpack": "^3.3.0",
        "module-alias": "^2.0.0"
      },
      "peerDependencies": {
        "preact": ">=10",
        "preact-render-to-string": ">=5",
        "preact-ssr-prepass": ">=1"
      }
    },
    "node_modules/picocolors": {
      "version": "1.0.0",
      "resolved": "https://registry.npmjs.org/picocolors/-/picocolors-1.0.0.tgz",
      "integrity": "sha512-1fygroTLlHu66zi26VoTDv8yRgm0Fccecssto+MhsZ0D/DGW2sm8E8AjW7NU5VVTRt5GxbeZ5qBuJr+HyLYkjQ==",
      "license": "ISC"
    },
    "node_modules/postcss": {
      "version": "8.4.14",
      "resolved": "https://registry.npmjs.org/postcss/-/postcss-8.4.14.tgz",
      "integrity": "sha512-E398TUmfAYFPBSdzgeieK2Y1+1cpdxJx8yXbK/m57nRhKSmk1GB2tO4lbLBtlkfPQTDKfe4Xqv1ASWPpayPEig==",
      "funding": [
        {
          "type": "opencollective",
          "url": "https://opencollective.com/postcss/"
        },
        {
          "type": "tidelift",
          "url": "https://tidelift.com/funding/github/npm/postcss"
        }
      ],
      "license": "MIT",
      "dependencies": {
        "nanoid": "^3.3.4",
        "picocolors": "^1.0.0",
        "source-map-js": "^1.0.2"
      },
      "engines": {
        "node": "^10 || ^12 || >=14"
      }
    },
    "node_modules/preact": {
      "version": "10.10.6",
      "resolved": "https://registry.npmjs.org/preact/-/preact-10.10.6.tgz",
      "integrity": "sha512-w0mCL5vICUAZrh1DuHEdOWBjxdO62lvcO++jbzr8UhhYcTbFkpegLH9XX+7MadjTl/y0feoqwQ/zAnzkc/EGog==",
      "license": "MIT",
      "funding": {
        "type": "opencollective",
        "url": "https://opencollective.com/preact"
      }
    },
    "node_modules/preact-render-to-string": {
      "version": "5.2.3",
      "resolved": "https://registry.npmjs.org/preact-render-to-string/-/preact-render-to-string-5.2.3.tgz",
      "integrity": "sha512-aPDxUn5o3GhWdtJtW0svRC2SS/l8D9MAgo2+AWml+BhDImb27ALf04Q2d+AHqUUOc6RdSXFIBVa2gxzgMKgtZA==",
      "license": "MIT",
      "dependencies": {
        "pretty-format": "^3.8.0"
      },
      "peerDependencies": {
        "preact": ">=10"
      }
    },
    "node_modules/preact-ssr-prepass": {
      "version": "1.2.0",
      "resolved": "https://registry.npmjs.org/preact-ssr-prepass/-/preact-ssr-prepass-1.2.0.tgz",
      "integrity": "sha512-UKz6FB2+KepjHQ6aGqiTUMZfGgdoTunxtByczdUNho9UvSRTJw31Np9J+wUSAlJ1kALJGX1BpcBLvO3iohQUSA==",
      "peer": true,
      "peerDependencies": {
        "preact": ">=10 || ^10.0.0-beta.0 || ^10.0.0-alpha.0"
      }
    },
    "node_modules/pretty-format": {
      "version": "3.8.0",
      "resolved": "https://registry.npmjs.org/pretty-format/-/pretty-format-3.8.0.tgz",
      "integrity": "sha512-WuxUnVtlWL1OfZFQFuqvnvs6MiAGk9UNsBostyBOB0Is9wb5uRESevA6rnl/rkksXaGX3GzZhPup5d6Vp1nFew==",
      "license": "MIT"
    },
    "node_modules/react": {
      "name": "@preact/compat",
      "version": "17.1.1",
      "resolved": "https://registry.npmjs.org/@preact/compat/-/compat-17.1.1.tgz",
      "integrity": "sha512-OjQJ6oVcjFTiKWs4MIoE/cORFFGhqnt1RO0uxGNAFUglBMPNahMDJyX5w+qEOEaOpaNTLM1L3ixc2bFEpxgs3A==",
      "license": "MIT",
      "peerDependencies": {
        "preact": "*"
      }
    },
    "node_modules/react-dom": {
      "name": "@preact/compat",
      "version": "17.1.1",
      "resolved": "https://registry.npmjs.org/@preact/compat/-/compat-17.1.1.tgz",
      "integrity": "sha512-OjQJ6oVcjFTiKWs4MIoE/cORFFGhqnt1RO0uxGNAFUglBMPNahMDJyX5w+qEOEaOpaNTLM1L3ixc2bFEpxgs3A==",
      "license": "MIT",
      "peerDependencies": {
        "preact": "*"
      }
    },
    "node_modules/react-ssr-prepass": {
      "name": "preact-ssr-prepass",
      "version": "1.2.0",
      "resolved": "https://registry.npmjs.org/preact-ssr-prepass/-/preact-ssr-prepass-1.2.0.tgz",
      "integrity": "sha512-UKz6FB2+KepjHQ6aGqiTUMZfGgdoTunxtByczdUNho9UvSRTJw31Np9J+wUSAlJ1kALJGX1BpcBLvO3iohQUSA==",
      "license": "MIT",
      "peerDependencies": {
        "preact": ">=10 || ^10.0.0-beta.0 || ^10.0.0-alpha.0"
      }
    },
    "node_modules/source-map-js": {
      "version": "1.0.2",
      "resolved": "https://registry.npmjs.org/source-map-js/-/source-map-js-1.0.2.tgz",
      "integrity": "sha512-R0XvVJ9WusLiqTCEiGCmICCMplcCkIwwR11mOSD9CR5u+IXYdiseeEuXCVAjS54zqwkLcPNnmU4OeJ6tUrWhDw==",
      "license": "BSD-3-Clause",
      "engines": {
        "node": ">=0.10.0"
      }
    },
    "node_modules/styled-jsx": {
      "version": "5.0.4",
      "resolved": "https://registry.npmjs.org/styled-jsx/-/styled-jsx-5.0.4.tgz",
      "integrity": "sha512-sDFWLbg4zR+UkNzfk5lPilyIgtpddfxXEULxhujorr5jtePTUqiPDc5BC0v1NRqTr/WaFBGQQUoYToGlF4B2KQ==",
      "license": "MIT",
      "engines": {
        "node": ">= 12.0.0"
      },
      "peerDependencies": {
        "react": ">= 16.8.0 || 17.x.x || ^18.0.0-0"
      },
      "peerDependenciesMeta": {
        "@babel/core": {
          "optional": true
        },
        "babel-plugin-macros": {
          "optional": true
        }
      }
    },
    "node_modules/tslib": {
      "version": "2.4.0",
      "resolved": "https://registry.npmjs.org/tslib/-/tslib-2.4.0.tgz",
      "integrity": "sha512-d6xOpEDfsi2CZVlPQzGeux8XMwLT9hssAsaPYExaQMuYskwb+x1x7J371tWlbBdWHroy99KnVB6qIkUbs5X3UQ==",
      "license": "0BSD"
    },
    "node_modules/typescript": {
      "version": "4.8.2",
      "resolved": "https://registry.npmjs.org/typescript/-/typescript-4.8.2.tgz",
      "integrity": "sha512-C0I1UsrrDHo2fYI5oaCGbSejwX4ch+9Y5jTQELvovfmFkK3HHSZJB8MSJcWLmCUBzQBchCrZ9rMRV6GuNrvGtw==",
      "dev": true,
      "license": "Apache-2.0",
      "bin": {
        "tsc": "bin/tsc",
        "tsserver": "bin/tsserver"
      },
      "engines": {
        "node": ">=4.2.0"
      }
    },
    "node_modules/use-sync-external-store": {
      "version": "1.2.0",
      "resolved": "https://registry.npmjs.org/use-sync-external-store/-/use-sync-external-store-1.2.0.tgz",
      "integrity": "sha512-eEgnFxGQ1Ife9bzYs6VLi8/4X6CObHMw9Qr9tPY43iKwsPw8xE8+EFsf/2cFZ5S3esXgpWgtSCtLNS41F+sKPA==",
      "license": "MIT",
      "peerDependencies": {
        "react": "^16.8.0 || ^17.0.0 || ^18.0.0"
      }
    }
  },
  "dependencies": {
    "@next/env": {
      "version": "12.2.5",
      "resolved": "https://registry.npmjs.org/@next/env/-/env-12.2.5.tgz",
      "integrity": "sha512-vLPLV3cpPGjUPT3PjgRj7e3nio9t6USkuew3JE/jMeon/9Mvp1WyR18v3iwnCuX7eUAm1HmAbJHHLAbcu/EJcw=="
    },
    "@next/swc-android-arm-eabi": {
      "version": "12.2.5",
      "resolved": "https://registry.npmjs.org/@next/swc-android-arm-eabi/-/swc-android-arm-eabi-12.2.5.tgz",
      "integrity": "sha512-cPWClKxGhgn2dLWnspW+7psl3MoLQUcNqJqOHk2BhNcou9ARDtC0IjQkKe5qcn9qg7I7U83Gp1yh2aesZfZJMA==",
      "optional": true
    },
    "@next/swc-android-arm64": {
      "version": "12.2.5",
      "resolved": "https://registry.npmjs.org/@next/swc-android-arm64/-/swc-android-arm64-12.2.5.tgz",
      "integrity": "sha512-vMj0efliXmC5b7p+wfcQCX0AfU8IypjkzT64GiKJD9PgiA3IILNiGJr1fw2lyUDHkjeWx/5HMlMEpLnTsQslwg==",
      "optional": true
    },
    "@next/swc-darwin-arm64": {
      "version": "12.2.5",
      "resolved": "https://registry.npmjs.org/@next/swc-darwin-arm64/-/swc-darwin-arm64-12.2.5.tgz",
      "integrity": "sha512-VOPWbO5EFr6snla/WcxUKtvzGVShfs302TEMOtzYyWni6f9zuOetijJvVh9CCTzInnXAZMtHyNhefijA4HMYLg==",
      "optional": true
    },
    "@next/swc-darwin-x64": {
      "version": "12.2.5",
      "resolved": "https://registry.npmjs.org/@next/swc-darwin-x64/-/swc-darwin-x64-12.2.5.tgz",
      "integrity": "sha512-5o8bTCgAmtYOgauO/Xd27vW52G2/m3i5PX7MUYePquxXAnX73AAtqA3WgPXBRitEB60plSKZgOTkcpqrsh546A==",
      "optional": true
    },
    "@next/swc-freebsd-x64": {
      "version": "12.2.5",
      "resolved": "https://registry.npmjs.org/@next/swc-freebsd-x64/-/swc-freebsd-x64-12.2.5.tgz",
      "integrity": "sha512-yYUbyup1JnznMtEBRkK4LT56N0lfK5qNTzr6/DEyDw5TbFVwnuy2hhLBzwCBkScFVjpFdfiC6SQAX3FrAZzuuw==",
      "optional": true
    },
    "@next/swc-linux-arm-gnueabihf": {
      "version": "12.2.5",
      "resolved": "https://registry.npmjs.org/@next/swc-linux-arm-gnueabihf/-/swc-linux-arm-gnueabihf-12.2.5.tgz",
      "integrity": "sha512-2ZE2/G921Acks7UopJZVMgKLdm4vN4U0yuzvAMJ6KBavPzqESA2yHJlm85TV/K9gIjKhSk5BVtauIUntFRP8cg==",
      "optional": true
    },
    "@next/swc-linux-arm64-gnu": {
      "version": "12.2.5",
      "resolved": "https://registry.npmjs.org/@next/swc-linux-arm64-gnu/-/swc-linux-arm64-gnu-12.2.5.tgz",
      "integrity": "sha512-/I6+PWVlz2wkTdWqhlSYYJ1pWWgUVva6SgX353oqTh8njNQp1SdFQuWDqk8LnM6ulheVfSsgkDzxrDaAQZnzjQ==",
      "optional": true
    },
    "@next/swc-linux-arm64-musl": {
      "version": "12.2.5",
      "resolved": "https://registry.npmjs.org/@next/swc-linux-arm64-musl/-/swc-linux-arm64-musl-12.2.5.tgz",
      "integrity": "sha512-LPQRelfX6asXyVr59p5sTpx5l+0yh2Vjp/R8Wi4X9pnqcayqT4CUJLiHqCvZuLin3IsFdisJL0rKHMoaZLRfmg==",
      "optional": true
    },
    "@next/swc-linux-x64-gnu": {
      "version": "12.2.5",
      "resolved": "https://registry.npmjs.org/@next/swc-linux-x64-gnu/-/swc-linux-x64-gnu-12.2.5.tgz",
      "integrity": "sha512-0szyAo8jMCClkjNK0hknjhmAngUppoRekW6OAezbEYwHXN/VNtsXbfzgYOqjKWxEx3OoAzrT3jLwAF0HdX2MEw==",
      "optional": true
    },
    "@next/swc-linux-x64-musl": {
      "version": "12.2.5",
      "resolved": "https://registry.npmjs.org/@next/swc-linux-x64-musl/-/swc-linux-x64-musl-12.2.5.tgz",
      "integrity": "sha512-zg/Y6oBar1yVnW6Il1I/08/2ukWtOG6s3acdJdEyIdsCzyQi4RLxbbhkD/EGQyhqBvd3QrC6ZXQEXighQUAZ0g==",
      "optional": true
    },
    "@next/swc-win32-arm64-msvc": {
      "version": "12.2.5",
      "resolved": "https://registry.npmjs.org/@next/swc-win32-arm64-msvc/-/swc-win32-arm64-msvc-12.2.5.tgz",
      "integrity": "sha512-3/90DRNSqeeSRMMEhj4gHHQlLhhKg5SCCoYfE3kBjGpE63EfnblYUqsszGGZ9ekpKL/R4/SGB40iCQr8tR5Jiw==",
      "optional": true
    },
    "@next/swc-win32-ia32-msvc": {
      "version": "12.2.5",
      "resolved": "https://registry.npmjs.org/@next/swc-win32-ia32-msvc/-/swc-win32-ia32-msvc-12.2.5.tgz",
      "integrity": "sha512-hGLc0ZRAwnaPL4ulwpp4D2RxmkHQLuI8CFOEEHdzZpS63/hMVzv81g8jzYA0UXbb9pus/iTc3VRbVbAM03SRrw==",
      "optional": true
    },
    "@next/swc-win32-x64-msvc": {
      "version": "12.2.5",
      "resolved": "https://registry.npmjs.org/@next/swc-win32-x64-msvc/-/swc-win32-x64-msvc-12.2.5.tgz",
      "integrity": "sha512-7h5/ahY7NeaO2xygqVrSG/Y8Vs4cdjxIjowTZ5W6CKoTKn7tmnuxlUc2h74x06FKmbhAd9agOjr/AOKyxYYm9Q==",
      "optional": true
    },
    "@preact/signals": {
      "version": "1.0.3",
      "resolved": "https://registry.npmjs.org/@preact/signals/-/signals-1.0.3.tgz",
      "integrity": "sha512-aBUYPBzdw+UD99t3n2v+OKecjaA2SnvImLDKH7jZtgwPE6E4Jr+B+H3P1tYty+bRsIKnHuFcvYUIZJAP1armFw==",
      "requires": {
        "@preact/signals-core": "^1.0.1"
      }
    },
    "@preact/signals-core": {
      "version": "1.0.1",
      "resolved": "https://registry.npmjs.org/@preact/signals-core/-/signals-core-1.0.1.tgz",
      "integrity": "sha512-1yBu72jd80QWdp8WvNFBg7K+0REv+NqJg1CGIwAl5kJ+qE7I06Lm2+K3z2qVZmABiDjQgjU2vKA9yEjniWv5uA=="
    },
    "@prefresh/babel-plugin": {
      "version": "0.4.3",
      "resolved": "https://registry.npmjs.org/@prefresh/babel-plugin/-/babel-plugin-0.4.3.tgz",
      "integrity": "sha512-fYAWbU1WDSLn108kKY4eDaaeUcnszFqXjgaGKYXNZ5NLulpRTpsrY+Sbfo9q8LDpWrBpqIgzjrwNnvglWI1xNQ=="
    },
    "@prefresh/core": {
      "version": "1.4.1",
      "resolved": "https://registry.npmjs.org/@prefresh/core/-/core-1.4.1.tgz",
      "integrity": "sha512-og1vaBj3LMJagVncNrDb37Gqc0cWaUcDbpVt5hZtsN4i2Iwzd/5hyTsDHvlMirhSym3wL9ihU0Xa2VhSaOue7g==",
      "requires": {}
    },
    "@prefresh/next": {
      "version": "1.6.0",
      "resolved": "https://registry.npmjs.org/@prefresh/next/-/next-1.6.0.tgz",
      "integrity": "sha512-78P3QJ75v9GZX4Yx/mREFgq2UWLf9Sj28Vpbwz0oqAL4ZPaRpEAfTyV6kZutUpiGGrpKa79EOjVYMScpM60/5Q==",
      "requires": {
        "@prefresh/babel-plugin": "0.4.3",
        "@prefresh/core": "^1.4.0",
        "@prefresh/utils": "^1.1.2",
        "@prefresh/webpack": "^3.3.3"
      }
    },
    "@prefresh/utils": {
      "version": "1.1.3",
      "resolved": "https://registry.npmjs.org/@prefresh/utils/-/utils-1.1.3.tgz",
      "integrity": "sha512-Mb9abhJTOV4yCfkXrMrcgFiFT7MfNOw8sDa+XyZBdq/Ai2p4Zyxqsb3EgHLOEdHpMj6J9aiZ54W8H6FTam1u+A=="
    },
    "@prefresh/webpack": {
      "version": "3.3.4",
      "resolved": "https://registry.npmjs.org/@prefresh/webpack/-/webpack-3.3.4.tgz",
      "integrity": "sha512-RiXS/hvXDup5cQw/267kxkKie81kxaAB7SFbkr8ppshobDEzwgUN1tbGbHNx6Uari0Ql2XByC6HIgQGpaq2Q7w==",
      "requires": {
        "@prefresh/core": "^1.3.3",
        "@prefresh/utils": "^1.1.2"
      }
    },
    "@swc/helpers": {
      "version": "0.4.3",
      "resolved": "https://registry.npmjs.org/@swc/helpers/-/helpers-0.4.3.tgz",
      "integrity": "sha512-6JrF+fdUK2zbGpJIlN7G3v966PQjyx/dPt1T9km2wj+EUBqgrxCk3uX4Kct16MIm9gGxfKRcfax2hVf5jvlTzA==",
      "requires": {
        "tslib": "^2.4.0"
      }
    },
    "@types/node": {
      "version": "18.7.15",
      "resolved": "https://registry.npmjs.org/@types/node/-/node-18.7.15.tgz",
      "integrity": "sha512-XnjpaI8Bgc3eBag2Aw4t2Uj/49lLBSStHWfqKvIuXD7FIrZyMLWp8KuAFHAqxMZYTF9l08N1ctUn9YNybZJVmQ==",
      "dev": true
    },
    "@types/prop-types": {
      "version": "15.7.5",
      "resolved": "https://registry.npmjs.org/@types/prop-types/-/prop-types-15.7.5.tgz",
      "integrity": "sha512-JCB8C6SnDoQf0cNycqd/35A7MjcnK+ZTqE7judS6o7utxUCg6imJg3QK2qzHKszlTjcj2cn+NwMB2i96ubpj7w==",
      "dev": true
    },
    "@types/react": {
      "version": "16.9.17",
      "resolved": "https://registry.npmjs.org/@types/react/-/react-16.9.17.tgz",
      "integrity": "sha512-UP27In4fp4sWF5JgyV6pwVPAQM83Fj76JOcg02X5BZcpSu5Wx+fP9RMqc2v0ssBoQIFvD5JdKY41gjJJKmw6Bg==",
      "dev": true,
      "requires": {
        "@types/prop-types": "*",
        "csstype": "^2.2.0"
      }
    },
    "caniuse-lite": {
      "version": "1.0.30001393",
      "resolved": "https://registry.npmjs.org/caniuse-lite/-/caniuse-lite-1.0.30001393.tgz",
      "integrity": "sha512-N/od11RX+Gsk+1qY/jbPa0R6zJupEa0lxeBG598EbrtblxVCTJsQwbRBm6+V+rxpc5lHKdsXb9RY83cZIPLseA=="
    },
    "csstype": {
      "version": "2.6.20",
      "resolved": "https://registry.npmjs.org/csstype/-/csstype-2.6.20.tgz",
      "integrity": "sha512-/WwNkdXfckNgw6S5R125rrW8ez139lBHWouiBvX8dfMFtcn6V81REDqnH7+CRpRipfYlyU1CmOnOxrmGcFOjeA==",
      "dev": true
    },
    "module-alias": {
      "version": "2.2.2",
      "resolved": "https://registry.npmjs.org/module-alias/-/module-alias-2.2.2.tgz",
      "integrity": "sha512-A/78XjoX2EmNvppVWEhM2oGk3x4lLxnkEA4jTbaK97QKSDjkIoOsKQlfylt/d3kKKi596Qy3NP5XrXJ6fZIC9Q=="
    },
    "nanoid": {
      "version": "3.3.4",
      "resolved": "https://registry.npmjs.org/nanoid/-/nanoid-3.3.4.tgz",
      "integrity": "sha512-MqBkQh/OHTS2egovRtLk45wEyNXwF+cokD+1YPf9u5VfJiRdAiRwB2froX5Co9Rh20xs4siNPm8naNotSD6RBw=="
    },
    "next": {
      "version": "12.2.5",
      "resolved": "https://registry.npmjs.org/next/-/next-12.2.5.tgz",
      "integrity": "sha512-tBdjqX5XC/oFs/6gxrZhjmiq90YWizUYU6qOWAfat7zJwrwapJ+BYgX2PmiacunXMaRpeVT4vz5MSPSLgNkrpA==",
      "requires": {
        "@next/env": "12.2.5",
        "@next/swc-android-arm-eabi": "12.2.5",
        "@next/swc-android-arm64": "12.2.5",
        "@next/swc-darwin-arm64": "12.2.5",
        "@next/swc-darwin-x64": "12.2.5",
        "@next/swc-freebsd-x64": "12.2.5",
        "@next/swc-linux-arm-gnueabihf": "12.2.5",
        "@next/swc-linux-arm64-gnu": "12.2.5",
        "@next/swc-linux-arm64-musl": "12.2.5",
        "@next/swc-linux-x64-gnu": "12.2.5",
        "@next/swc-linux-x64-musl": "12.2.5",
        "@next/swc-win32-arm64-msvc": "12.2.5",
        "@next/swc-win32-ia32-msvc": "12.2.5",
        "@next/swc-win32-x64-msvc": "12.2.5",
        "@swc/helpers": "0.4.3",
        "caniuse-lite": "^1.0.30001332",
        "postcss": "8.4.14",
        "styled-jsx": "5.0.4",
        "use-sync-external-store": "1.2.0"
      }
    },
    "next-plugin-preact": {
      "version": "3.0.7",
      "resolved": "https://registry.npmjs.org/next-plugin-preact/-/next-plugin-preact-3.0.7.tgz",
      "integrity": "sha512-8Xl+SJT3FCZHS7R/6Gana6e95o09UpiyCsK0cw8P/KW2M+lQcYIwIt4ZLZd+K9TW3JZx6KJDLqVbq0Kd6KZsIg==",
      "requires": {
        "@prefresh/next": "^1.4.6",
        "@prefresh/webpack": "^3.3.0",
        "module-alias": "^2.0.0"
      }
    },
    "picocolors": {
      "version": "1.0.0",
      "resolved": "https://registry.npmjs.org/picocolors/-/picocolors-1.0.0.tgz",
      "integrity": "sha512-1fygroTLlHu66zi26VoTDv8yRgm0Fccecssto+MhsZ0D/DGW2sm8E8AjW7NU5VVTRt5GxbeZ5qBuJr+HyLYkjQ=="
    },
    "postcss": {
      "version": "8.4.14",
      "resolved": "https://registry.npmjs.org/postcss/-/postcss-8.4.14.tgz",
      "integrity": "sha512-E398TUmfAYFPBSdzgeieK2Y1+1cpdxJx8yXbK/m57nRhKSmk1GB2tO4lbLBtlkfPQTDKfe4Xqv1ASWPpayPEig==",
      "requires": {
        "nanoid": "^3.3.4",
        "picocolors": "^1.0.0",
        "source-map-js": "^1.0.2"
      }
    },
    "preact": {
      "version": "10.10.6",
      "resolved": "https://registry.npmjs.org/preact/-/preact-10.10.6.tgz",
      "integrity": "sha512-w0mCL5vICUAZrh1DuHEdOWBjxdO62lvcO++jbzr8UhhYcTbFkpegLH9XX+7MadjTl/y0feoqwQ/zAnzkc/EGog=="
    },
    "preact-render-to-string": {
      "version": "5.2.3",
      "resolved": "https://registry.npmjs.org/preact-render-to-string/-/preact-render-to-string-5.2.3.tgz",
      "integrity": "sha512-aPDxUn5o3GhWdtJtW0svRC2SS/l8D9MAgo2+AWml+BhDImb27ALf04Q2d+AHqUUOc6RdSXFIBVa2gxzgMKgtZA==",
      "requires": {
        "pretty-format": "^3.8.0"
      }
    },
    "preact-ssr-prepass": {
      "version": "1.2.0",
      "resolved": "https://registry.npmjs.org/preact-ssr-prepass/-/preact-ssr-prepass-1.2.0.tgz",
      "integrity": "sha512-UKz6FB2+KepjHQ6aGqiTUMZfGgdoTunxtByczdUNho9UvSRTJw31Np9J+wUSAlJ1kALJGX1BpcBLvO3iohQUSA==",
      "peer": true,
      "requires": {}
    },
    "pretty-format": {
      "version": "3.8.0",
      "resolved": "https://registry.npmjs.org/pretty-format/-/pretty-format-3.8.0.tgz",
      "integrity": "sha512-WuxUnVtlWL1OfZFQFuqvnvs6MiAGk9UNsBostyBOB0Is9wb5uRESevA6rnl/rkksXaGX3GzZhPup5d6Vp1nFew=="
    },
    "react": {
      "version": "npm:@preact/compat@17.1.1",
      "resolved": "https://registry.npmjs.org/@preact/compat/-/compat-17.1.1.tgz",
      "integrity": "sha512-OjQJ6oVcjFTiKWs4MIoE/cORFFGhqnt1RO0uxGNAFUglBMPNahMDJyX5w+qEOEaOpaNTLM1L3ixc2bFEpxgs3A==",
      "requires": {}
    },
    "react-dom": {
      "version": "npm:@preact/compat@17.1.1",
      "resolved": "https://registry.npmjs.org/@preact/compat/-/compat-17.1.1.tgz",
      "integrity": "sha512-OjQJ6oVcjFTiKWs4MIoE/cORFFGhqnt1RO0uxGNAFUglBMPNahMDJyX5w+qEOEaOpaNTLM1L3ixc2bFEpxgs3A==",
      "requires": {}
    },
    "react-ssr-prepass": {
      "version": "npm:preact-ssr-prepass@1.2.0",
      "resolved": "https://registry.npmjs.org/preact-ssr-prepass/-/preact-ssr-prepass-1.2.0.tgz",
      "integrity": "sha512-UKz6FB2+KepjHQ6aGqiTUMZfGgdoTunxtByczdUNho9UvSRTJw31Np9J+wUSAlJ1kALJGX1BpcBLvO3iohQUSA==",
      "requires": {}
    },
    "source-map-js": {
      "version": "1.0.2",
      "resolved": "https://registry.npmjs.org/source-map-js/-/source-map-js-1.0.2.tgz",
      "integrity": "sha512-R0XvVJ9WusLiqTCEiGCmICCMplcCkIwwR11mOSD9CR5u+IXYdiseeEuXCVAjS54zqwkLcPNnmU4OeJ6tUrWhDw=="
    },
    "styled-jsx": {
      "version": "5.0.4",
      "resolved": "https://registry.npmjs.org/styled-jsx/-/styled-jsx-5.0.4.tgz",
      "integrity": "sha512-sDFWLbg4zR+UkNzfk5lPilyIgtpddfxXEULxhujorr5jtePTUqiPDc5BC0v1NRqTr/WaFBGQQUoYToGlF4B2KQ==",
      "requires": {}
    },
    "tslib": {
      "version": "2.4.0",
      "resolved": "https://registry.npmjs.org/tslib/-/tslib-2.4.0.tgz",
      "integrity": "sha512-d6xOpEDfsi2CZVlPQzGeux8XMwLT9hssAsaPYExaQMuYskwb+x1x7J371tWlbBdWHroy99KnVB6qIkUbs5X3UQ=="
    },
    "typescript": {
      "version": "4.8.2",
      "resolved": "https://registry.npmjs.org/typescript/-/typescript-4.8.2.tgz",
      "integrity": "sha512-C0I1UsrrDHo2fYI5oaCGbSejwX4ch+9Y5jTQELvovfmFkK3HHSZJB8MSJcWLmCUBzQBchCrZ9rMRV6GuNrvGtw==",
      "dev": true
    },
    "use-sync-external-store": {
      "version": "1.2.0",
      "resolved": "https://registry.npmjs.org/use-sync-external-store/-/use-sync-external-store-1.2.0.tgz",
      "integrity": "sha512-eEgnFxGQ1Ife9bzYs6VLi8/4X6CObHMw9Qr9tPY43iKwsPw8xE8+EFsf/2cFZ5S3esXgpWgtSCtLNS41F+sKPA==",
      "requires": {}
    }
  }
}
