# THIS IS AN AUTOGENERATED FILE. DO NOT EDIT THIS FILE DIRECTLY.
# yarn lockfile v1


"@next/env@12.2.5":
  "integrity" "sha512-vLPLV3cpPGjUPT3PjgRj7e3nio9t6USkuew3JE/jMeon/9Mvp1WyR18v3iwnCuX7eUAm1HmAbJHHLAbcu/EJcw=="
  "resolved" "https://registry.npmjs.org/@next/env/-/env-12.2.5.tgz"
  "version" "12.2.5"

"@next/swc-darwin-arm64@12.2.5":
  "integrity" "sha512-VOPWbO5EFr6snla/WcxUKtvzGVShfs302TEMOtzYyWni6f9zuOetijJvVh9CCTzInnXAZMtHyNhefijA4HMYLg=="
  "resolved" "https://registry.npmjs.org/@next/swc-darwin-arm64/-/swc-darwin-arm64-12.2.5.tgz"
  "version" "12.2.5"

"@preact/signals-core@^1.0.1":
  "integrity" "sha512-1yBu72jd80QWdp8WvNFBg7K+0REv+NqJg1CGIwAl5kJ+qE7I06Lm2+K3z2qVZmABiDjQgjU2vKA9yEjniWv5uA=="
  "resolved" "https://registry.npmjs.org/@preact/signals-core/-/signals-core-1.0.1.tgz"
  "version" "1.0.1"

"@preact/signals@1.0.3":
  "integrity" "sha512-aBUYPBzdw+UD99t3n2v+OKecjaA2SnvImLDKH7jZtgwPE6E4Jr+B+H3P1tYty+bRsIKnHuFcvYUIZJAP1armFw=="
  "resolved" "https://registry.npmjs.org/@preact/signals/-/signals-1.0.3.tgz"
  "version" "1.0.3"
  dependencies:
    "@preact/signals-core" "^1.0.1"

"@prefresh/babel-plugin@^0.4.0", "@prefresh/babel-plugin@0.4.3":
  "integrity" "sha512-fYAWbU1WDSLn108kKY4eDaaeUcnszFqXjgaGKYXNZ5NLulpRTpsrY+Sbfo9q8LDpWrBpqIgzjrwNnvglWI1xNQ=="
  "resolved" "https://registry.npmjs.org/@prefresh/babel-plugin/-/babel-plugin-0.4.3.tgz"
  "version" "0.4.3"

"@prefresh/core@^1.3.3", "@prefresh/core@^1.4.0":
  "integrity" "sha512-og1vaBj3LMJagVncNrDb37Gqc0cWaUcDbpVt5hZtsN4i2Iwzd/5hyTsDHvlMirhSym3wL9ihU0Xa2VhSaOue7g=="
  "resolved" "https://registry.npmjs.org/@prefresh/core/-/core-1.4.1.tgz"
  "version" "1.4.1"

"@prefresh/next@^1.4.6":
  "integrity" "sha512-78P3QJ75v9GZX4Yx/mREFgq2UWLf9Sj28Vpbwz0oqAL4ZPaRpEAfTyV6kZutUpiGGrpKa79EOjVYMScpM60/5Q=="
  "resolved" "https://registry.npmjs.org/@prefresh/next/-/next-1.6.0.tgz"
  "version" "1.6.0"
  dependencies:
    "@prefresh/babel-plugin" "0.4.3"
    "@prefresh/core" "^1.4.0"
    "@prefresh/utils" "^1.1.2"
    "@prefresh/webpack" "^3.3.3"

"@prefresh/utils@^1.1.2":
  "integrity" "sha512-Mb9abhJTOV4yCfkXrMrcgFiFT7MfNOw8sDa+XyZBdq/Ai2p4Zyxqsb3EgHLOEdHpMj6J9aiZ54W8H6FTam1u+A=="
  "resolved" "https://registry.npmjs.org/@prefresh/utils/-/utils-1.1.3.tgz"
  "version" "1.1.3"

"@prefresh/webpack@^3.3.0", "@prefresh/webpack@^3.3.3":
  "integrity" "sha512-RiXS/hvXDup5cQw/267kxkKie81kxaAB7SFbkr8ppshobDEzwgUN1tbGbHNx6Uari0Ql2XByC6HIgQGpaq2Q7w=="
  "resolved" "https://registry.npmjs.org/@prefresh/webpack/-/webpack-3.3.4.tgz"
  "version" "3.3.4"
  dependencies:
    "@prefresh/core" "^1.3.3"
    "@prefresh/utils" "^1.1.2"

"@swc/helpers@0.4.3":
  "integrity" "sha512-6JrF+fdUK2zbGpJIlN7G3v966PQjyx/dPt1T9km2wj+EUBqgrxCk3uX4Kct16MIm9gGxfKRcfax2hVf5jvlTzA=="
  "resolved" "https://registry.npmjs.org/@swc/helpers/-/helpers-0.4.3.tgz"
  "version" "0.4.3"
  dependencies:
    "tslib" "^2.4.0"

"@types/node@18.7.15":
  "integrity" "sha512-XnjpaI8Bgc3eBag2Aw4t2Uj/49lLBSStHWfqKvIuXD7FIrZyMLWp8KuAFHAqxMZYTF9l08N1ctUn9YNybZJVmQ=="
  "resolved" "https://registry.npmjs.org/@types/node/-/node-18.7.15.tgz"
  "version" "18.7.15"

"@types/prop-types@*":
  "integrity" "sha512-JCB8C6SnDoQf0cNycqd/35A7MjcnK+ZTqE7judS6o7utxUCg6imJg3QK2qzHKszlTjcj2cn+NwMB2i96ubpj7w=="
  "resolved" "https://registry.npmjs.org/@types/prop-types/-/prop-types-15.7.5.tgz"
  "version" "15.7.5"

"@types/react@16.9.17":
  "integrity" "sha512-UP27In4fp4sWF5JgyV6pwVPAQM83Fj76JOcg02X5BZcpSu5Wx+fP9RMqc2v0ssBoQIFvD5JdKY41gjJJKmw6Bg=="
  "resolved" "https://registry.npmjs.org/@types/react/-/react-16.9.17.tgz"
  "version" "16.9.17"
  dependencies:
    "@types/prop-types" "*"
    "csstype" "^2.2.0"

"caniuse-lite@^1.0.30001332":
  "integrity" "sha512-N/od11RX+Gsk+1qY/jbPa0R6zJupEa0lxeBG598EbrtblxVCTJsQwbRBm6+V+rxpc5lHKdsXb9RY83cZIPLseA=="
  "resolved" "https://registry.npmjs.org/caniuse-lite/-/caniuse-lite-1.0.30001393.tgz"
  "version" "1.0.30001393"

"csstype@^2.2.0":
  "integrity" "sha512-/WwNkdXfckNgw6S5R125rrW8ez139lBHWouiBvX8dfMFtcn6V81REDqnH7+CRpRipfYlyU1CmOnOxrmGcFOjeA=="
  "resolved" "https://registry.npmjs.org/csstype/-/csstype-2.6.20.tgz"
  "version" "2.6.20"

"module-alias@^2.0.0":
  "integrity" "sha512-A/78XjoX2EmNvppVWEhM2oGk3x4lLxnkEA4jTbaK97QKSDjkIoOsKQlfylt/d3kKKi596Qy3NP5XrXJ6fZIC9Q=="
  "resolved" "https://registry.npmjs.org/module-alias/-/module-alias-2.2.2.tgz"
  "version" "2.2.2"

"nanoid@^3.3.4":
  "integrity" "sha512-MqBkQh/OHTS2egovRtLk45wEyNXwF+cokD+1YPf9u5VfJiRdAiRwB2froX5Co9Rh20xs4siNPm8naNotSD6RBw=="
  "resolved" "https://registry.npmjs.org/nanoid/-/nanoid-3.3.4.tgz"
  "version" "3.3.4"

"next-plugin-preact@latest":
  "integrity" "sha512-8Xl+SJT3FCZHS7R/6Gana6e95o09UpiyCsK0cw8P/KW2M+lQcYIwIt4ZLZd+K9TW3JZx6KJDLqVbq0Kd6KZsIg=="
  "resolved" "https://registry.npmjs.org/next-plugin-preact/-/next-plugin-preact-3.0.7.tgz"
  "version" "3.0.7"
  dependencies:
    "@prefresh/next" "^1.4.6"
    "@prefresh/webpack" "^3.3.0"
    "module-alias" "^2.0.0"

"next@^9.4.0 || ^10.0.0 || ^11.0.0 || ^12.0.0", "next@latest":
  "integrity" "sha512-tBdjqX5XC/oFs/6gxrZhjmiq90YWizUYU6qOWAfat7zJwrwapJ+BYgX2PmiacunXMaRpeVT4vz5MSPSLgNkrpA=="
  "resolved" "https://registry.npmjs.org/next/-/next-12.2.5.tgz"
  "version" "12.2.5"
  dependencies:
    "@next/env" "12.2.5"
    "@swc/helpers" "0.4.3"
    "caniuse-lite" "^1.0.30001332"
    "postcss" "8.4.14"
    "styled-jsx" "5.0.4"
    "use-sync-external-store" "1.2.0"
  optionalDependencies:
    "@next/swc-android-arm-eabi" "12.2.5"
    "@next/swc-android-arm64" "12.2.5"
    "@next/swc-darwin-arm64" "12.2.5"
    "@next/swc-darwin-x64" "12.2.5"
    "@next/swc-freebsd-x64" "12.2.5"
    "@next/swc-linux-arm-gnueabihf" "12.2.5"
    "@next/swc-linux-arm64-gnu" "12.2.5"
    "@next/swc-linux-arm64-musl" "12.2.5"
    "@next/swc-linux-x64-gnu" "12.2.5"
    "@next/swc-linux-x64-musl" "12.2.5"
    "@next/swc-win32-arm64-msvc" "12.2.5"
    "@next/swc-win32-ia32-msvc" "12.2.5"
    "@next/swc-win32-x64-msvc" "12.2.5"

"picocolors@^1.0.0":
  "integrity" "sha512-1fygroTLlHu66zi26VoTDv8yRgm0Fccecssto+MhsZ0D/DGW2sm8E8AjW7NU5VVTRt5GxbeZ5qBuJr+HyLYkjQ=="
  "resolved" "https://registry.npmjs.org/picocolors/-/picocolors-1.0.0.tgz"
  "version" "1.0.0"

"postcss@8.4.14":
  "integrity" "sha512-E398TUmfAYFPBSdzgeieK2Y1+1cpdxJx8yXbK/m57nRhKSmk1GB2tO4lbLBtlkfPQTDKfe4Xqv1ASWPpayPEig=="
  "resolved" "https://registry.npmjs.org/postcss/-/postcss-8.4.14.tgz"
  "version" "8.4.14"
  dependencies:
    "nanoid" "^3.3.4"
    "picocolors" "^1.0.0"
    "source-map-js" "^1.0.2"

"preact-render-to-string@^5.2.3", "preact-render-to-string@>=5":
  "integrity" "sha512-aPDxUn5o3GhWdtJtW0svRC2SS/l8D9MAgo2+AWml+BhDImb27ALf04Q2d+AHqUUOc6RdSXFIBVa2gxzgMKgtZA=="
  "resolved" "https://registry.npmjs.org/preact-render-to-string/-/preact-render-to-string-5.2.3.tgz"
  "version" "5.2.3"
  dependencies:
    "pretty-format" "^3.8.0"

"preact-ssr-prepass@>=1":
  "integrity" "sha512-UKz6FB2+KepjHQ6aGqiTUMZfGgdoTunxtByczdUNho9UvSRTJw31Np9J+wUSAlJ1kALJGX1BpcBLvO3iohQUSA=="
  "resolved" "https://registry.npmjs.org/preact-ssr-prepass/-/preact-ssr-prepass-1.2.0.tgz"
  "version" "1.2.0"

"preact@*", "preact@^10.0.0", "preact@^10.10.6", "preact@^10.4.0", "preact@>=10", "preact@>=10 || ^10.0.0-beta.0 || ^10.0.0-alpha.0", "preact@10.x":
  "integrity" "sha512-w0mCL5vICUAZrh1DuHEdOWBjxdO62lvcO++jbzr8UhhYcTbFkpegLH9XX+7MadjTl/y0feoqwQ/zAnzkc/EGog=="
  "resolved" "https://registry.npmjs.org/preact/-/preact-10.10.6.tgz"
  "version" "10.10.6"

"pretty-format@^3.8.0":
  "integrity" "sha512-WuxUnVtlWL1OfZFQFuqvnvs6MiAGk9UNsBostyBOB0Is9wb5uRESevA6rnl/rkksXaGX3GzZhPup5d6Vp1nFew=="
  "resolved" "https://registry.npmjs.org/pretty-format/-/pretty-format-3.8.0.tgz"
  "version" "3.8.0"

"react-dom@^17.0.2 || ^18.0.0-0", "react-dom@npm:@preact/compat@^17.1.1":
  "integrity" "sha512-OjQJ6oVcjFTiKWs4MIoE/cORFFGhqnt1RO0uxGNAFUglBMPNahMDJyX5w+qEOEaOpaNTLM1L3ixc2bFEpxgs3A=="
  "resolved" "https://registry.npmjs.org/@preact/compat/-/compat-17.1.1.tgz"
  "version" "17.1.1"

"react-ssr-prepass@npm:preact-ssr-prepass@1.2.0":
  "integrity" "sha512-UKz6FB2+KepjHQ6aGqiTUMZfGgdoTunxtByczdUNho9UvSRTJw31Np9J+wUSAlJ1kALJGX1BpcBLvO3iohQUSA=="
  "resolved" "https://registry.npmjs.org/preact-ssr-prepass/-/preact-ssr-prepass-1.2.0.tgz"
  "version" "1.2.0"

"react@^16.8.0 || ^17.0.0 || ^18.0.0", "react@^17.0.2 || ^18.0.0-0", "react@>= 16.8.0 || 17.x.x || ^18.0.0-0", "react@npm:@preact/compat@^17.1.1":
  "integrity" "sha512-OjQJ6oVcjFTiKWs4MIoE/cORFFGhqnt1RO0uxGNAFUglBMPNahMDJyX5w+qEOEaOpaNTLM1L3ixc2bFEpxgs3A=="
  "resolved" "https://registry.npmjs.org/@preact/compat/-/compat-17.1.1.tgz"
  "version" "17.1.1"

"source-map-js@^1.0.2":
  "integrity" "sha512-R0XvVJ9WusLiqTCEiGCmICCMplcCkIwwR11mOSD9CR5u+IXYdiseeEuXCVAjS54zqwkLcPNnmU4OeJ6tUrWhDw=="
  "resolved" "https://registry.npmjs.org/source-map-js/-/source-map-js-1.0.2.tgz"
  "version" "1.0.2"

"styled-jsx@5.0.4":
  "integrity" "sha512-sDFWLbg4zR+UkNzfk5lPilyIgtpddfxXEULxhujorr5jtePTUqiPDc5BC0v1NRqTr/WaFBGQQUoYToGlF4B2KQ=="
  "resolved" "https://registry.npmjs.org/styled-jsx/-/styled-jsx-5.0.4.tgz"
  "version" "5.0.4"

"tslib@^2.4.0":
  "integrity" "sha512-d6xOpEDfsi2CZVlPQzGeux8XMwLT9hssAsaPYExaQMuYskwb+x1x7J371tWlbBdWHroy99KnVB6qIkUbs5X3UQ=="
  "resolved" "https://registry.npmjs.org/tslib/-/tslib-2.4.0.tgz"
  "version" "2.4.0"

"typescript@4.8.2":
  "integrity" "sha512-C0I1UsrrDHo2fYI5oaCGbSejwX4ch+9Y5jTQELvovfmFkK3HHSZJB8MSJcWLmCUBzQBchCrZ9rMRV6GuNrvGtw=="
  "resolved" "https://registry.npmjs.org/typescript/-/typescript-4.8.2.tgz"
  "version" "4.8.2"

"use-sync-external-store@1.2.0":
  "integrity" "sha512-eEgnFxGQ1Ife9bzYs6VLi8/4X6CObHMw9Qr9tPY43iKwsPw8xE8+EFsf/2cFZ5S3esXgpWgtSCtLNS41F+sKPA=="
  "resolved" "https://registry.npmjs.org/use-sync-external-store/-/use-sync-external-store-1.2.0.tgz"
  "version" "1.2.0"
